
Microsoft Visual Studio Solution File, Format Version 12.00
# Visual Studio Version 17
VisualStudioVersion = 17.1.32421.90
MinimumVisualStudioVersion = 10.0.40219.1
Project("{FAE04EC0-301F-11D3-BF4B-00C04F79EFBC}") = "Mongo.WebUI", "Mongo.WebUI.csproj", "{19AAC81E-4D09-4A61-87DD-80F0D0A2A08F}"
EndProject
Global
	GlobalSection(SolutionConfigurationPlatforms) = preSolution
		Debug|Any CPU = Debug|Any CPU
		Release|Any CPU = Release|Any CPU
	EndGlobalSection
	GlobalSection(ProjectConfigurationPlatforms) = postSolution
		{19AAC81E-4D09-4A61-87DD-80F0D0A2A08F}.Debug|Any CPU.ActiveCfg = Debug|Any CPU
		{19AAC81E-4D09-4A61-87DD-80F0D0A2A08F}.Debug|Any CPU.Build.0 = Debug|Any CPU
		{19AAC81E-4D09-4A61-87DD-80F0D0A2A08F}.Release|Any CPU.ActiveCfg = Release|Any CPU
		{19AAC81E-4D09-4A61-87DD-80F0D0A2A08F}.Release|Any CPU.Build.0 = Release|Any CPU
	EndGlobalSection
	GlobalSection(SolutionProperties) = preSolution
		HideSolutionNode = FALSE
	EndGlobalSection
	GlobalSection(ExtensibilityGlobals) = postSolution
		SolutionGuid = {2A573AC4-F6AD-4E8E-A0DC-87763AB845CA}
	EndGlobalSection
EndGlobal
